
Microsoft Visual Studio Solution File, Format Version 12.00
# Visual Studio Version 16
VisualStudioVersion = 16.0.30523.141
MinimumVisualStudioVersion = 10.0.40219.1
Project("{FAE04EC0-301F-11D3-BF4B-00C04F79EFBC}") = "Backend", "Backend\Backend.csproj", "{EFE1865C-BE43-4166-B180-81524A16FD2E}"
EndProject
Global
	GlobalSection(SolutionConfigurationPlatforms) = preSolution
		Debug|Any CPU = Debug|Any CPU
		Release|Any CPU = Release|Any CPU
	EndGlobalSection
	GlobalSection(ProjectConfigurationPlatforms) = postSolution
		{EFE1865C-BE43-4166-B180-81524A16FD2E}.Debug|Any CPU.ActiveCfg = Debug|Any CPU
		{EFE1865C-BE43-4166-B180-81524A16FD2E}.Debug|Any CPU.Build.0 = Debug|Any CPU
		{EFE1865C-BE43-4166-B180-81524A16FD2E}.Release|Any CPU.ActiveCfg = Release|Any CPU
		{EFE1865C-BE43-4166-B180-81524A16FD2E}.Release|Any CPU.Build.0 = Release|Any CPU
	EndGlobalSection
	GlobalSection(SolutionProperties) = preSolution
		HideSolutionNode = FALSE
	EndGlobalSection
	GlobalSection(ExtensibilityGlobals) = postSolution
		SolutionGuid = {24B83142-D73D-4EFC-861B-4C07FB7DE999}
	EndGlobalSection
EndGlobal
